# THIS IS AN AUTOGENERATED FILE. DO NOT EDIT THIS FILE DIRECTLY.
# yarn lockfile v1


"@next/env@14.2.13":
  version "14.2.13"
  resolved "https://registry.yarnpkg.com/@next/env/-/env-14.2.13.tgz#ba341ba9eb70db428fc1c754f49c3c516f7bab47"
  integrity sha512-s3lh6K8cbW1h5Nga7NNeXrbe0+2jIIYK9YaA9T7IufDWnZpozdFUp6Hf0d5rNWUKu4fEuSX2rCKlGjCrtylfDw==

"@next/swc-darwin-arm64@14.2.13":
  version "14.2.13"
  resolved "https://registry.yarnpkg.com/@next/swc-darwin-arm64/-/swc-darwin-arm64-14.2.13.tgz#76f08d78360c4d27d444df7f35a56f59a48f4808"
  integrity sha512-IkAmQEa2Htq+wHACBxOsslt+jMoV3msvxCn0WFSfJSkv/scy+i/EukBKNad36grRxywaXUYJc9mxEGkeIs8Bzg==

"@next/swc-darwin-x64@14.2.13":
  version "14.2.13"
  resolved "https://registry.yarnpkg.com/@next/swc-darwin-x64/-/swc-darwin-x64-14.2.13.tgz#1d4821d54bb01dacc6a6c32408f8468a4f4af269"
  integrity sha512-Dv1RBGs2TTjkwEnFMVL5XIfJEavnLqqwYSD6LXgTPdEy/u6FlSrLBSSfe1pcfqhFEXRAgVL3Wpjibe5wXJzWog==

"@next/swc-linux-arm64-gnu@14.2.13":
  version "14.2.13"
  resolved "https://registry.yarnpkg.com/@next/swc-linux-arm64-gnu/-/swc-linux-arm64-gnu-14.2.13.tgz#79d9af8d3408df9990c8911889eca1ca6a308f19"
  integrity sha512-yB1tYEFFqo4ZNWkwrJultbsw7NPAAxlPXURXioRl9SdW6aIefOLS+0TEsKrWBtbJ9moTDgU3HRILL6QBQnMevg==

"@next/swc-linux-arm64-musl@14.2.13":
  version "14.2.13"
  resolved "https://registry.yarnpkg.com/@next/swc-linux-arm64-musl/-/swc-linux-arm64-musl-14.2.13.tgz#b13180645865b120591db2f1e831743ebc02ab36"
  integrity sha512-v5jZ/FV/eHGoWhMKYrsAweQ7CWb8xsWGM/8m1mwwZQ/sutJjoFaXchwK4pX8NqwImILEvQmZWyb8pPTcP7htWg==

"@next/swc-linux-x64-gnu@14.2.13":
  version "14.2.13"
  resolved "https://registry.yarnpkg.com/@next/swc-linux-x64-gnu/-/swc-linux-x64-gnu-14.2.13.tgz#8cb8480dfeee512648e4e08c2095aac0461b876f"
  integrity sha512-aVc7m4YL7ViiRv7SOXK3RplXzOEe/qQzRA5R2vpXboHABs3w8vtFslGTz+5tKiQzWUmTmBNVW0UQdhkKRORmGA==

"@next/swc-linux-x64-musl@14.2.13":
  version "14.2.13"
  resolved "https://registry.yarnpkg.com/@next/swc-linux-x64-musl/-/swc-linux-x64-musl-14.2.13.tgz#df5ca922fa1e1ee81b15a06a2d3d3ace0efd2bd7"
  integrity sha512-4wWY7/OsSaJOOKvMsu1Teylku7vKyTuocvDLTZQq0TYv9OjiYYWt63PiE1nTuZnqQ4RPvME7Xai+9enoiN0Wrg==

"@next/swc-win32-arm64-msvc@14.2.13":
  version "14.2.13"
  resolved "https://registry.yarnpkg.com/@next/swc-win32-arm64-msvc/-/swc-win32-arm64-msvc-14.2.13.tgz#8a7db6e71f526212587975f743b28e4d1cb829d1"
  integrity sha512-uP1XkqCqV2NVH9+g2sC7qIw+w2tRbcMiXFEbMihkQ8B1+V6m28sshBwAB0SDmOe0u44ne1vFU66+gx/28RsBVQ==

"@next/swc-win32-ia32-msvc@14.2.13":
  version "14.2.13"
  resolved "https://registry.yarnpkg.com/@next/swc-win32-ia32-msvc/-/swc-win32-ia32-msvc-14.2.13.tgz#6aa664f36f2d70c5ae6ffcbbc56784d33f24522d"
  integrity sha512-V26ezyjPqQpDBV4lcWIh8B/QICQ4v+M5Bo9ykLN+sqeKKBxJVDpEc6biDVyluTXTC40f5IqCU0ttth7Es2ZuMw==

"@next/swc-win32-x64-msvc@14.2.13":
  version "14.2.13"
  resolved "https://registry.yarnpkg.com/@next/swc-win32-x64-msvc/-/swc-win32-x64-msvc-14.2.13.tgz#5a920eea82a58affa6146192586716cec6c87fed"
  integrity sha512-WwzOEAFBGhlDHE5Z73mNU8CO8mqMNLqaG+AO9ETmzdCQlJhVtWZnOl2+rqgVQS+YHunjOWptdFmNfbpwcUuEsw==

"@prisma/client@^5.20.0":
  version "5.20.0"
  resolved "https://registry.yarnpkg.com/@prisma/client/-/client-5.20.0.tgz#4fc9f2b2341c9c997c139df4445688dd6b39663b"
  integrity sha512-CLv55ZuMuUawMsxoqxGtLT3bEZoa2W8L3Qnp6rDIFWy+ZBrUcOFKdoeGPSnbBqxc3SkdxJrF+D1veN/WNynZYA==

"@swc/counter@^0.1.3":
  version "0.1.3"
  resolved "https://registry.yarnpkg.com/@swc/counter/-/counter-0.1.3.tgz#cc7463bd02949611c6329596fccd2b0ec782b0e9"
  integrity sha512-e2BR4lsJkkRlKZ/qCHPw9ZaSxc0MVUd7gtbtaB7aMvHeJVYe8sOB8DBZkP2DtISHGSku9sCK6T6cnY0CtXrOCQ==

"@swc/helpers@0.5.5":
  version "0.5.5"
  resolved "https://registry.yarnpkg.com/@swc/helpers/-/helpers-0.5.5.tgz#12689df71bfc9b21c4f4ca00ae55f2f16c8b77c0"
  integrity sha512-KGYxvIOXcceOAbEk4bi/dVLEK9z8sZ0uBB3Il5b1rhfClSpcX0yfRO0KmTkqR2cnQDymwLB+25ZyMzICg/cm/A==
  dependencies:
    "@swc/counter" "^0.1.3"
    tslib "^2.4.0"

busboy@1.6.0:
  version "1.6.0"
  resolved "https://registry.yarnpkg.com/busboy/-/busboy-1.6.0.tgz#966ea36a9502e43cdb9146962523b92f531f6893"
  integrity sha512-8SFQbg/0hQ9xy3UNTB0YEnsNBbWfhf7RtnzpL7TkBiTBRfrQ9Fxcnz7VJsleJpyp6rVLvXiuORqjlHi5q+PYuA==
  dependencies:
    streamsearch "^1.1.0"

caniuse-lite@^1.0.30001579:
  version "1.0.30001664"
  resolved "https://registry.yarnpkg.com/caniuse-lite/-/caniuse-lite-1.0.30001664.tgz#d588d75c9682d3301956b05a3749652a80677df4"
  integrity sha512-AmE7k4dXiNKQipgn7a2xg558IRqPN3jMQY/rOsbxDhrd0tyChwbITBfiwtnqz8bi2M5mIWbxAYBvk7W7QBUS2g==

client-only@0.0.1:
  version "0.0.1"
  resolved "https://registry.yarnpkg.com/client-only/-/client-only-0.0.1.tgz#38bba5d403c41ab150bff64a95c85013cf73bca1"
  integrity sha512-IV3Ou0jSMzZrd3pZ48nLkT9DA7Ag1pnPzaiQhpW7c3RbcqqzvzzVu+L8gfqMp/8IM2MQtSiqaCxrrcfu8I8rMA==

graceful-fs@^4.2.11:
  version "4.2.11"
  resolved "https://registry.yarnpkg.com/graceful-fs/-/graceful-fs-4.2.11.tgz#4183e4e8bf08bb6e05bbb2f7d2e0c8f712ca40e3"
  integrity sha512-RbJ5/jmFcNNCcDV5o9eTnBLJ/HszWV0P73bc+Ff4nS/rJj+YaS6IGyiOL0VoBYX+l1Wrl3k63h/KrH+nhJ0XvQ==

nanoid@^3.3.6:
  version "3.3.7"
  resolved "https://registry.yarnpkg.com/nanoid/-/nanoid-3.3.7.tgz#d0c301a691bc8d54efa0a2226ccf3fe2fd656bd8"
  integrity sha512-eSRppjcPIatRIMC1U6UngP8XFcz8MQWGQdt1MTBQ7NaAmvXDfvNxbvWV3x2y6CdEUciCSsDHDQZbhYaB8QEo2g==

next@^14.2.13:
  version "14.2.13"
  resolved "https://registry.yarnpkg.com/next/-/next-14.2.13.tgz#32da2ee0afbe729e2d4a467c3570def90e1c974d"
  integrity sha512-BseY9YNw8QJSwLYD7hlZzl6QVDoSFHL/URN5K64kVEVpCsSOWeyjbIGK+dZUaRViHTaMQX8aqmnn0PHBbGZezg==
  dependencies:
    "@next/env" "14.2.13"
    "@swc/helpers" "0.5.5"
    busboy "1.6.0"
    caniuse-lite "^1.0.30001579"
    graceful-fs "^4.2.11"
    postcss "8.4.31"
    styled-jsx "5.1.1"
  optionalDependencies:
    "@next/swc-darwin-arm64" "14.2.13"
    "@next/swc-darwin-x64" "14.2.13"
    "@next/swc-linux-arm64-gnu" "14.2.13"
    "@next/swc-linux-arm64-musl" "14.2.13"
    "@next/swc-linux-x64-gnu" "14.2.13"
    "@next/swc-linux-x64-musl" "14.2.13"
    "@next/swc-win32-arm64-msvc" "14.2.13"
    "@next/swc-win32-ia32-msvc" "14.2.13"
    "@next/swc-win32-x64-msvc" "14.2.13"

picocolors@^1.0.0:
  version "1.1.0"
  resolved "https://registry.yarnpkg.com/picocolors/-/picocolors-1.1.0.tgz#5358b76a78cde483ba5cef6a9dc9671440b27d59"
  integrity sha512-TQ92mBOW0l3LeMeyLV6mzy/kWr8lkd/hp3mTg7wYK7zJhuBStmGMBG0BdeDZS/dZx1IukaX6Bk11zcln25o1Aw==

postcss@8.4.31:
  version "8.4.31"
  resolved "https://registry.yarnpkg.com/postcss/-/postcss-8.4.31.tgz#92b451050a9f914da6755af352bdc0192508656d"
  integrity sha512-PS08Iboia9mts/2ygV3eLpY5ghnUcfLV/EXTOW1E2qYxJKGGBUtNjN76FYHnMs36RmARn41bC0AZmn+rR0OVpQ==
  dependencies:
    nanoid "^3.3.6"
    picocolors "^1.0.0"
    source-map-js "^1.0.2"

source-map-js@^1.0.2:
  version "1.2.1"
  resolved "https://registry.yarnpkg.com/source-map-js/-/source-map-js-1.2.1.tgz#1ce5650fddd87abc099eda37dcff024c2667ae46"
  integrity sha512-UXWMKhLOwVKb728IUtQPXxfYU+usdybtUrK/8uGE8CQMvrhOpwvzDBwj0QhSL7MQc7vIsISBG8VQ8+IDQxpfQA==

streamsearch@^1.1.0:
  version "1.1.0"
  resolved "https://registry.yarnpkg.com/streamsearch/-/streamsearch-1.1.0.tgz#404dd1e2247ca94af554e841a8ef0eaa238da764"
  integrity sha512-Mcc5wHehp9aXz1ax6bZUyY5afg9u2rv5cqQI3mRrYkGC8rW2hM02jWuwjtL++LS5qinSyhj2QfLyNsuc+VsExg==

styled-jsx@5.1.1:
  version "5.1.1"
  resolved "https://registry.yarnpkg.com/styled-jsx/-/styled-jsx-5.1.1.tgz#839a1c3aaacc4e735fed0781b8619ea5d0009d1f"
  integrity sha512-pW7uC1l4mBZ8ugbiZrcIsiIvVx1UmTfw7UkC3Um2tmfUq9Bhk8IiyEIPl6F8agHgjzku6j0xQEZbfA5uSgSaCw==
  dependencies:
    client-only "0.0.1"

tslib@^2.4.0:
  version "2.7.0"
  resolved "https://registry.yarnpkg.com/tslib/-/tslib-2.7.0.tgz#d9b40c5c40ab59e8738f297df3087bf1a2690c01"
  integrity sha512-gLXCKdN1/j47AiHiOkJN69hJmcbGTHI0ImLmbYLHykhgeN0jVGola9yVjFgzCUklsZQMW55o+dW7IXv3RCXDzA==
