# THIS IS AN AUTOGENERATED FILE. DO NOT EDIT THIS FILE DIRECTLY.
# yarn lockfile v1


"@date-fns/tz@^1.1.2":
  version "1.2.0"
  resolved "https://registry.yarnpkg.com/@date-fns/tz/-/tz-1.2.0.tgz#81cb3211693830babaf3b96aff51607e143030a6"
  integrity sha512-LBrd7MiJZ9McsOgxqWX7AaxrDjcFVjWH/tIKJd7pnR7McaslGYOP1QmmiBXdJH/H/yLCT+rcQ7FaPBUxRGUtrg==

date-fns@^4.1.0:
  version "4.1.0"
  resolved "https://registry.yarnpkg.com/date-fns/-/date-fns-4.1.0.tgz#64b3d83fff5aa80438f5b1a633c2e83b8a1c2d14"
  integrity sha512-Ukq0owbQXxa/U3EGtsdVBkR1w7KOQ5gIBqdH2hkvknzZPYvBxb/aa6E8L7tmjFtkwZBu3UXBbjIgPo/Ez4xaNg==

react-day-picker@^9.3.0:
  version "9.3.0"
  resolved "https://registry.yarnpkg.com/react-day-picker/-/react-day-picker-9.3.0.tgz#00e979a495d98ce8886bb3625c51133ba5c2acc8"
  integrity sha512-xXgZISTXlwQ1Igt4cBttXF+aK1Xvd00azcGVY74PNCAe8PxtULFVWGT1UfdavFiVScF04dyV8QcybKZAw570QQ==
  dependencies:
    "@date-fns/tz" "^1.1.2"
    date-fns "^4.1.0"

uuid@^11.0.2:
  version "11.0.2"
  resolved "https://registry.yarnpkg.com/uuid/-/uuid-11.0.2.tgz#a8d68ba7347d051e7ea716cc8dcbbab634d66875"
  integrity sha512-14FfcOJmqdjbBPdDjFQyk/SdT4NySW4eM0zcG+HqbHP5jzuH56xO3J1DGhgs/cEMCfwYi3HQI1gnTO62iaG+tQ==
